
Microsoft Visual Studio Solution File, Format Version 12.00
# Visual Studio Version 17
VisualStudioVersion = 17.9.34622.214
MinimumVisualStudioVersion = 10.0.40219.1
Project("{FAE04EC0-301F-11D3-BF4B-00C04F79EFBC}") = "ShoppingCart", "ShoppingCart\ShoppingCart.csproj", "{DB43FC24-74BE-4ABF-9946-FF6EDD7C7A1E}"
EndProject
Project("{FAE04EC0-301F-11D3-BF4B-00C04F79EFBC}") = "ShoppingCart.API", "ShoppingCart.API\ShoppingCart.API.csproj", "{8A49FDCA-A91F-4D3F-8A67-9F43D0AC9364}"
EndProject
Global
	GlobalSection(SolutionConfigurationPlatforms) = preSolution
		Debug|Any CPU = Debug|Any CPU
		Release|Any CPU = Release|Any CPU
	EndGlobalSection
	GlobalSection(ProjectConfigurationPlatforms) = postSolution
		{DB43FC24-74BE-4ABF-9946-FF6EDD7C7A1E}.Debug|Any CPU.ActiveCfg = Debug|Any CPU
		{DB43FC24-74BE-4ABF-9946-FF6EDD7C7A1E}.Debug|Any CPU.Build.0 = Debug|Any CPU
		{DB43FC24-74BE-4ABF-9946-FF6EDD7C7A1E}.Release|Any CPU.ActiveCfg = Release|Any CPU
		{DB43FC24-74BE-4ABF-9946-FF6EDD7C7A1E}.Release|Any CPU.Build.0 = Release|Any CPU
		{8A49FDCA-A91F-4D3F-8A67-9F43D0AC9364}.Debug|Any CPU.ActiveCfg = Debug|Any CPU
		{8A49FDCA-A91F-4D3F-8A67-9F43D0AC9364}.Debug|Any CPU.Build.0 = Debug|Any CPU
		{8A49FDCA-A91F-4D3F-8A67-9F43D0AC9364}.Release|Any CPU.ActiveCfg = Release|Any CPU
		{8A49FDCA-A91F-4D3F-8A67-9F43D0AC9364}.Release|Any CPU.Build.0 = Release|Any CPU
	EndGlobalSection
	GlobalSection(SolutionProperties) = preSolution
		HideSolutionNode = FALSE
	EndGlobalSection
	GlobalSection(ExtensibilityGlobals) = postSolution
		SolutionGuid = {143B91AC-6593-4DDA-AFEC-89B44116016B}
	EndGlobalSection
EndGlobal
